// !$*UTF8*$!
{
	archiveVersion = 1;
	classes = {
	};
	objectVersion = 77;
	objects = {

/* Begin PBXBuildFile section */
		0C35533F2FCDC761002BB990 /* sample.md in Resources */ = {isa = PBXBuildFile; fileRef = 0C35533E2FCDC761002BB990 /* sample.md */; };
		0C3553412FCDD351002BB990 /* Format.swift in Sources */ = {isa = PBXBuildFile; fileRef = 0C3553402FCDD351002BB990 /* Format.swift */; };
		0C3553512FCDE100002BB990 /* LineSpacing.swift in Sources */ = {isa = PBXBuildFile; fileRef = 0C3553502FCDE100002BB990 /* LineSpacing.swift */; };
		3F11BDB290365E2AE950FED7 /* Assets.xcassets in Resources */ = {isa = PBXBuildFile; fileRef = 0FA6C2EDBA76E05ABAC4E174 /* Assets.xcassets */; };
		4D861C09522F138B17B2EFCD /* MDViewerApp.swift in Sources */ = {isa = PBXBuildFile; fileRef = E0CCC5A27526C86F1BB19866 /* MDViewerApp.swift */; };
		70D7AEF2D01DFE1F3B8D1CFD /* MarkdownUI in Frameworks */ = {isa = PBXBuildFile; productRef = 8373B23202E3D4A354074E4A /* MarkdownUI */; };
		A1B1788E63C280578CBD2A99 /* MarkdownDocument.swift in Sources */ = {isa = PBXBuildFile; fileRef = D7B5EECC9DA43854137CCA4F /* MarkdownDocument.swift */; };
		B78F884C8AE734C94D61EF32 /* DocumentSection.swift in Sources */ = {isa = PBXBuildFile; fileRef = 9BDE3AE4B23A4F67F2A0B7C3 /* DocumentSection.swift */; };
		BF6223C28FFF82CAA235F223 /* ContentView.swift in Sources */ = {isa = PBXBuildFile; fileRef = A36B10A85484ABEC4EB3EFD8 /* ContentView.swift */; };
		FF59175CF228DBBC795C4FDD /* OutlineSidebarView.swift in Sources */ = {isa = PBXBuildFile; fileRef = F4F519BCABE5E8D36FC0EB4B /* OutlineSidebarView.swift */; };
/* End PBXBuildFile section */

/* Begin PBXFileReference section */
		01CB89DA2B075F37F80CCDAD /* MDViewer.entitlements */ = {isa = PBXFileReference; lastKnownFileType = text.plist.entitlements; path = MDViewer.entitlements; sourceTree = "<group>"; };
		0C35533E2FCDC761002BB990 /* sample.md */ = {isa = PBXFileReference; lastKnownFileType = net.daringfireball.markdown; path = sample.md; sourceTree = "<group>"; };
		0C3553402FCDD351002BB990 /* Format.swift */ = {isa = PBXFileReference; lastKnownFileType = sourcecode.swift; path = Format.swift; sourceTree = "<group>"; };
		0C3553502FCDE100002BB990 /* LineSpacing.swift */ = {isa = PBXFileReference; lastKnownFileType = sourcecode.swift; path = LineSpacing.swift; sourceTree = "<group>"; };
		0FA6C2EDBA76E05ABAC4E174 /* Assets.xcassets */ = {isa = PBXFileReference; lastKnownFileType = folder.assetcatalog; path = Assets.xcassets; sourceTree = "<group>"; };
		9BDE3AE4B23A4F67F2A0B7C3 /* DocumentSection.swift */ = {isa = PBXFileReference; lastKnownFileType = sourcecode.swift; path = DocumentSection.swift; sourceTree = "<group>"; };
		A36B10A85484ABEC4EB3EFD8 /* ContentView.swift */ = {isa = PBXFileReference; lastKnownFileType = sourcecode.swift; path = ContentView.swift; sourceTree = "<group>"; };
		B2B94D6ECFF439ABF8F84105 /* MDViewer.app */ = {isa = PBXFileReference; explicitFileType = wrapper.application; includeInIndex = 0; path = MDViewer.app; sourceTree = BUILT_PRODUCTS_DIR; };
		D7B5EECC9DA43854137CCA4F /* MarkdownDocument.swift */ = {isa = PBXFileReference; lastKnownFileType = sourcecode.swift; path = MarkdownDocument.swift; sourceTree = "<group>"; };
		E0CCC5A27526C86F1BB19866 /* MDViewerApp.swift */ = {isa = PBXFileReference; lastKnownFileType = sourcecode.swift; path = MDViewerApp.swift; sourceTree = "<group>"; };
		E8B10415F03AE42AE0BE7478 /* Info.plist */ = {isa = PBXFileReference; lastKnownFileType = text.plist; path = Info.plist; sourceTree = "<group>"; };
		F4F519BCABE5E8D36FC0EB4B /* OutlineSidebarView.swift */ = {isa = PBXFileReference; lastKnownFileType = sourcecode.swift; path = OutlineSidebarView.swift; sourceTree = "<group>"; };
/* End PBXFileReference section */

/* Begin PBXFrameworksBuildPhase section */
		68857ED4AD826C25C801ABDB /* Frameworks */ = {
			isa = PBXFrameworksBuildPhase;
			buildActionMask = 2147483647;
			files = (
				70D7AEF2D01DFE1F3B8D1CFD /* MarkdownUI in Frameworks */,
			);
			runOnlyForDeploymentPostprocessing = 0;
		};
/* End PBXFrameworksBuildPhase section */

/* Begin PBXGroup section */
		09BD76EE28C792BB9AEEBF8B /* Products */ = {
			isa = PBXGroup;
			children = (
				B2B94D6ECFF439ABF8F84105 /* MDViewer.app */,
			);
			name = Products;
			sourceTree = "<group>";
		};
		948C07D6D92DE79B515C2B00 = {
			isa = PBXGroup;
			children = (
				C390773B988CC4EA09B171D4 /* Sources */,
				09BD76EE28C792BB9AEEBF8B /* Products */,
			);
			sourceTree = "<group>";
		};
		A3F22BB0693485CFF8624813 /* MDViewer */ = {
			isa = PBXGroup;
			children = (
				A36B10A85484ABEC4EB3EFD8 /* ContentView.swift */,
				9BDE3AE4B23A4F67F2A0B7C3 /* DocumentSection.swift */,
				E8B10415F03AE42AE0BE7478 /* Info.plist */,
				D7B5EECC9DA43854137CCA4F /* MarkdownDocument.swift */,
				01CB89DA2B075F37F80CCDAD /* MDViewer.entitlements */,
				E0CCC5A27526C86F1BB19866 /* MDViewerApp.swift */,
				F4F519BCABE5E8D36FC0EB4B /* OutlineSidebarView.swift */,
				0C3553402FCDD351002BB990 /* Format.swift */,
				0C3553502FCDE100002BB990 /* LineSpacing.swift */,
			);
			path = MDViewer;
			sourceTree = "<group>";
		};
		C390773B988CC4EA09B171D4 /* Sources */ = {
			isa = PBXGroup;
			children = (
				A3F22BB0693485CFF8624813 /* MDViewer */,
				C63C71CA97D65D05CD00F1BF /* Resources */,
			);
			path = Sources;
			sourceTree = "<group>";
		};
		C63C71CA97D65D05CD00F1BF /* Resources */ = {
			isa = PBXGroup;
			children = (
				0FA6C2EDBA76E05ABAC4E174 /* Assets.xcassets */,
				0C35533E2FCDC761002BB990 /* sample.md */,
			);
			path = Resources;
			sourceTree = "<group>";
		};
/* End PBXGroup section */

/* Begin PBXNativeTarget section */
		9A5FCE18BDAE8C363B2A821C /* MDViewer */ = {
			isa = PBXNativeTarget;
			buildConfigurationList = 449C7D9C6F506ACEB743E545 /* Build configuration list for PBXNativeTarget "MDViewer" */;
			buildPhases = (
				315F4B5453DD4E94AF9A3AE7 /* Sources */,
				F78AB5BC13761543249D21CD /* Resources */,
				68857ED4AD826C25C801ABDB /* Frameworks */,
			);
			buildRules = (
			);
			dependencies = (
			);
			name = MDViewer;
			packageProductDependencies = (
				8373B23202E3D4A354074E4A /* MarkdownUI */,
			);
			productName = MDViewer;
			productReference = B2B94D6ECFF439ABF8F84105 /* MDViewer.app */;
			productType = "com.apple.product-type.application";
		};
/* End PBXNativeTarget section */

/* Begin PBXProject section */
		0DF200EDE3B21792C4B8F45B /* Project object */ = {
			isa = PBXProject;
			attributes = {
				BuildIndependentTargetsInParallel = YES;
				LastUpgradeCheck = 1430;
				TargetAttributes = {
					9A5FCE18BDAE8C363B2A821C = {
						DevelopmentTeam = 7X2XV24BPN;
						ProvisioningStyle = Automatic;
					};
				};
			};
			buildConfigurationList = 143BBF338B8553C13608D81A /* Build configuration list for PBXProject "MDViewer" */;
			developmentRegion = en;
			hasScannedForEncodings = 0;
			knownRegions = (
				Base,
				en,
			);
			mainGroup = 948C07D6D92DE79B515C2B00;
			minimizedProjectReferenceProxies = 1;
			packageReferences = (
				578DBB12862A478113AA3925 /* XCRemoteSwiftPackageReference "swift-markdown-ui" */,
			);
			preferredProjectObjectVersion = 77;
			productRefGroup = 09BD76EE28C792BB9AEEBF8B /* Products */;
			projectDirPath = "";
			projectRoot = "";
			targets = (
				9A5FCE18BDAE8C363B2A821C /* MDViewer */,
			);
		};
/* End PBXProject section */

/* Begin PBXResourcesBuildPhase section */
		F78AB5BC13761543249D21CD /* Resources */ = {
			isa = PBXResourcesBuildPhase;
			buildActionMask = 2147483647;
			files = (
				0C35533F2FCDC761002BB990 /* sample.md in Resources */,
				3F11BDB290365E2AE950FED7 /* Assets.xcassets in Resources */,
			);
			runOnlyForDeploymentPostprocessing = 0;
		};
/* End PBXResourcesBuildPhase section */

/* Begin PBXSourcesBuildPhase section */
		315F4B5453DD4E94AF9A3AE7 /* Sources */ = {
			isa = PBXSourcesBuildPhase;
			buildActionMask = 2147483647;
			files = (
				BF6223C28FFF82CAA235F223 /* ContentView.swift in Sources */,
				B78F884C8AE734C94D61EF32 /* DocumentSection.swift in Sources */,
				0C3553412FCDD351002BB990 /* Format.swift in Sources */,
				0C3553512FCDE100002BB990 /* LineSpacing.swift in Sources */,
				4D861C09522F138B17B2EFCD /* MDViewerApp.swift in Sources */,
				A1B1788E63C280578CBD2A99 /* MarkdownDocument.swift in Sources */,
				FF59175CF228DBBC795C4FDD /* OutlineSidebarView.swift in Sources */,
			);
			runOnlyForDeploymentPostprocessing = 0;
		};
/* End PBXSourcesBuildPhase section */

/* Begin XCBuildConfiguration section */
		3180EC117B385984E629525A /* Release */ = {
			isa = XCBuildConfiguration;
			buildSettings = {
				ALWAYS_SEARCH_USER_PATHS = NO;
				CLANG_ANALYZER_NONNULL = YES;
				CLANG_ANALYZER_NUMBER_OBJECT_CONVERSION = YES_AGGRESSIVE;
				CLANG_CXX_LANGUAGE_STANDARD = "gnu++14";
				CLANG_CXX_LIBRARY = "libc++";
				CLANG_ENABLE_MODULES = YES;
				CLANG_ENABLE_OBJC_ARC = YES;
				CLANG_ENABLE_OBJC_WEAK = YES;
				CLANG_WARN_BLOCK_CAPTURE_AUTORELEASING = YES;
				CLANG_WARN_BOOL_CONVERSION = YES;
				CLANG_WARN_COMMA = YES;
				CLANG_WARN_CONSTANT_CONVERSION = YES;
				CLANG_WARN_DEPRECATED_OBJC_IMPLEMENTATIONS = YES;
				CLANG_WARN_DIRECT_OBJC_ISA_USAGE = YES_ERROR;
				CLANG_WARN_DOCUMENTATION_COMMENTS = YES;
				CLANG_WARN_EMPTY_BODY = YES;
				CLANG_WARN_ENUM_CONVERSION = YES;
				CLANG_WARN_INFINITE_RECURSION = YES;
				CLANG_WARN_INT_CONVERSION = YES;
				CLANG_WARN_NON_LITERAL_NULL_CONVERSION = YES;
				CLANG_WARN_OBJC_IMPLICIT_RETAIN_SELF = YES;
				CLANG_WARN_OBJC_LITERAL_CONVERSION = YES;
				CLANG_WARN_OBJC_ROOT_CLASS = YES_ERROR;
				CLANG_WARN_QUOTED_INCLUDE_IN_FRAMEWORK_HEADER = YES;
				CLANG_WARN_RANGE_LOOP_ANALYSIS = YES;
				CLANG_WARN_STRICT_PROTOTYPES = YES;
				CLANG_WARN_SUSPICIOUS_MOVE = YES;
				CLANG_WARN_UNGUARDED_AVAILABILITY = YES_AGGRESSIVE;
				CLANG_WARN_UNREACHABLE_CODE = YES;
				CLANG_WARN__DUPLICATE_METHOD_MATCH = YES;
				COPY_PHASE_STRIP = NO;
				DEBUG_INFORMATION_FORMAT = "dwarf-with-dsym";
				ENABLE_NS_ASSERTIONS = NO;
				ENABLE_STRICT_OBJC_MSGSEND = YES;
				GCC_C_LANGUAGE_STANDARD = gnu11;
				GCC_NO_COMMON_BLOCKS = YES;
				GCC_WARN_64_TO_32_BIT_CONVERSION = YES;
				GCC_WARN_ABOUT_RETURN_TYPE = YES_ERROR;
				GCC_WARN_UNDECLARED_SELECTOR = YES;
				GCC_WARN_UNINITIALIZED_AUTOS = YES_AGGRESSIVE;
				GCC_WARN_UNUSED_FUNCTION = YES;
				GCC_WARN_UNUSED_VARIABLE = YES;
				MACOSX_DEPLOYMENT_TARGET = 14.0;
				MTL_ENABLE_DEBUG_INFO = NO;
				MTL_FAST_MATH = YES;
				PRODUCT_NAME = "$(TARGET_NAME)";
				SDKROOT = macosx;
				SWIFT_COMPILATION_MODE = wholemodule;
				SWIFT_OPTIMIZATION_LEVEL = "-O";
				SWIFT_VERSION = 5.0;
			};
			name = Release;
		};
		8869D68D1C7BEF470AD8BCBE /* Release */ = {
			isa = XCBuildConfiguration;
			buildSettings = {
				ASSETCATALOG_COMPILER_APPICON_NAME = AppIcon;
				CODE_SIGN_ENTITLEMENTS = Sources/MDViewer/MDViewer.entitlements;
				"CODE_SIGN_IDENTITY[sdk=macosx*]" = "Apple Development";
				CODE_SIGN_STYLE = Automatic;
				COMBINE_HIDPI_IMAGES = YES;
				CURRENT_PROJECT_VERSION = 3;
				DEAD_CODE_STRIPPING = YES;
				DEVELOPMENT_TEAM = 7X2XV24BPN;
				ENABLE_HARDENED_RUNTIME = YES;
				GENERATE_INFOPLIST_FILE = NO;
				INFOPLIST_FILE = Sources/MDViewer/Info.plist;
				INFOPLIST_KEY_CFBundleDisplayName = MDPreviewer;
				INFOPLIST_KEY_LSApplicationCategoryType = "public.app-category.developer-tools";
				LD_RUNPATH_SEARCH_PATHS = (
					"$(inherited)",
					"@executable_path/../Frameworks",
				);
				MARKETING_VERSION = 0.1.2;
				PRODUCT_BUNDLE_IDENTIFIER = com.ploutonconsulting.mdviewer;
				SDKROOT = macosx;
				SWIFT_VERSION = 5.10;
			};
			name = Release;
		};
		9620221DB912DF52709D8274 /* Debug */ = {
			isa = XCBuildConfiguration;
			buildSettings = {
				ALWAYS_SEARCH_USER_PATHS = NO;
				CLANG_ANALYZER_NONNULL = YES;
				CLANG_ANALYZER_NUMBER_OBJECT_CONVERSION = YES_AGGRESSIVE;
				CLANG_CXX_LANGUAGE_STANDARD = "gnu++14";
				CLANG_CXX_LIBRARY = "libc++";
				CLANG_ENABLE_MODULES = YES;
				CLANG_ENABLE_OBJC_ARC = YES;
				CLANG_ENABLE_OBJC_WEAK = YES;
				CLANG_WARN_BLOCK_CAPTURE_AUTORELEASING = YES;
				CLANG_WARN_BOOL_CONVERSION = YES;
				CLANG_WARN_COMMA = YES;
				CLANG_WARN_CONSTANT_CONVERSION = YES;
				CLANG_WARN_DEPRECATED_OBJC_IMPLEMENTATIONS = YES;
				CLANG_WARN_DIRECT_OBJC_ISA_USAGE = YES_ERROR;
				CLANG_WARN_DOCUMENTATION_COMMENTS = YES;
				CLANG_WARN_EMPTY_BODY = YES;
				CLANG_WARN_ENUM_CONVERSION = YES;
				CLANG_WARN_INFINITE_RECURSION = YES;
				CLANG_WARN_INT_CONVERSION = YES;
				CLANG_WARN_NON_LITERAL_NULL_CONVERSION = YES;
				CLANG_WARN_OBJC_IMPLICIT_RETAIN_SELF = YES;
				CLANG_WARN_OBJC_LITERAL_CONVERSION = YES;
				CLANG_WARN_OBJC_ROOT_CLASS = YES_ERROR;
				CLANG_WARN_QUOTED_INCLUDE_IN_FRAMEWORK_HEADER = YES;
				CLANG_WARN_RANGE_LOOP_ANALYSIS = YES;
				CLANG_WARN_STRICT_PROTOTYPES = YES;
				CLANG_WARN_SUSPICIOUS_MOVE = YES;
				CLANG_WARN_UNGUARDED_AVAILABILITY = YES_AGGRESSIVE;
				CLANG_WARN_UNREACHABLE_CODE = YES;
				CLANG_WARN__DUPLICATE_METHOD_MATCH = YES;
				COPY_PHASE_STRIP = NO;
				DEBUG_INFORMATION_FORMAT = dwarf;
				ENABLE_STRICT_OBJC_MSGSEND = YES;
				ENABLE_TESTABILITY = YES;
				GCC_C_LANGUAGE_STANDARD = gnu11;
				GCC_DYNAMIC_NO_PIC = NO;
				GCC_NO_COMMON_BLOCKS = YES;
				GCC_OPTIMIZATION_LEVEL = 0;
				GCC_PREPROCESSOR_DEFINITIONS = (
					"$(inherited)",
					"DEBUG=1",
				);
				GCC_WARN_64_TO_32_BIT_CONVERSION = YES;
				GCC_WARN_ABOUT_RETURN_TYPE = YES_ERROR;
				GCC_WARN_UNDECLARED_SELECTOR = YES;
				GCC_WARN_UNINITIALIZED_AUTOS = YES_AGGRESSIVE;
				GCC_WARN_UNUSED_FUNCTION = YES;
				GCC_WARN_UNUSED_VARIABLE = YES;
				MACOSX_DEPLOYMENT_TARGET = 14.0;
				MTL_ENABLE_DEBUG_INFO = INCLUDE_SOURCE;
				MTL_FAST_MATH = YES;
				ONLY_ACTIVE_ARCH = YES;
				PRODUCT_NAME = "$(TARGET_NAME)";
				SDKROOT = macosx;
				SWIFT_ACTIVE_COMPILATION_CONDITIONS = DEBUG;
				SWIFT_OPTIMIZATION_LEVEL = "-Onone";
				SWIFT_VERSION = 5.0;
			};
			name = Debug;
		};
		FB34AF5FD64ECE737E0B6A05 /* Debug */ = {
			isa = XCBuildConfiguration;
			buildSettings = {
				ASSETCATALOG_COMPILER_APPICON_NAME = AppIcon;
				CODE_SIGN_ENTITLEMENTS = Sources/MDViewer/MDViewer.entitlements;
				"CODE_SIGN_IDENTITY[sdk=macosx*]" = "Apple Development";
				CODE_SIGN_STYLE = Automatic;
				COMBINE_HIDPI_IMAGES = YES;
				CURRENT_PROJECT_VERSION = 3;
				DEAD_CODE_STRIPPING = YES;
				DEVELOPMENT_TEAM = 7X2XV24BPN;
				ENABLE_HARDENED_RUNTIME = YES;
				GENERATE_INFOPLIST_FILE = NO;
				INFOPLIST_FILE = Sources/MDViewer/Info.plist;
				INFOPLIST_KEY_CFBundleDisplayName = MDPreviewer;
				INFOPLIST_KEY_LSApplicationCategoryType = "public.app-category.developer-tools";
				LD_RUNPATH_SEARCH_PATHS = (
					"$(inherited)",
					"@executable_path/../Frameworks",
				);
				MARKETING_VERSION = 0.1.2;
				PRODUCT_BUNDLE_IDENTIFIER = com.ploutonconsulting.mdviewer;
				SDKROOT = macosx;
				SWIFT_VERSION = 5.10;
			};
			name = Debug;
		};
/* End XCBuildConfiguration section */

/* Begin XCConfigurationList section */
		143BBF338B8553C13608D81A /* Build configuration list for PBXProject "MDViewer" */ = {
			isa = XCConfigurationList;
			buildConfigurations = (
				9620221DB912DF52709D8274 /* Debug */,
				3180EC117B385984E629525A /* Release */,
			);
			defaultConfigurationIsVisible = 0;
			defaultConfigurationName = Debug;
		};
		449C7D9C6F506ACEB743E545 /* Build configuration list for PBXNativeTarget "MDViewer" */ = {
			isa = XCConfigurationList;
			buildConfigurations = (
				FB34AF5FD64ECE737E0B6A05 /* Debug */,
				8869D68D1C7BEF470AD8BCBE /* Release */,
			);
			defaultConfigurationIsVisible = 0;
			defaultConfigurationName = Debug;
		};
/* End XCConfigurationList section */

/* Begin XCRemoteSwiftPackageReference section */
		578DBB12862A478113AA3925 /* XCRemoteSwiftPackageReference "swift-markdown-ui" */ = {
			isa = XCRemoteSwiftPackageReference;
			repositoryURL = "https://github.com/gonzalezreal/swift-markdown-ui";
			requirement = {
				kind = upToNextMajorVersion;
				minimumVersion = 2.4.1;
			};
		};
/* End XCRemoteSwiftPackageReference section */

/* Begin XCSwiftPackageProductDependency section */
		8373B23202E3D4A354074E4A /* MarkdownUI */ = {
			isa = XCSwiftPackageProductDependency;
			package = 578DBB12862A478113AA3925 /* XCRemoteSwiftPackageReference "swift-markdown-ui" */;
			productName = MarkdownUI;
		};
/* End XCSwiftPackageProductDependency section */
	};
	rootObject = 0DF200EDE3B21792C4B8F45B /* Project object */;
}
